
Microsoft Visual Studio Solution File, Format Version 12.00
# Visual Studio Version 17
VisualStudioVersion = 17.6.33829.357
MinimumVisualStudioVersion = 10.0.40219.1
Project("{FAE04EC0-301F-11D3-BF4B-00C04F79EFBC}") = "Mecalux WPF", "Mecalux WPF.csproj", "{868F3174-E377-471E-9B24-90A1CA2F4C7B}"
EndProject
Global
	GlobalSection(SolutionConfigurationPlatforms) = preSolution
		Debug|Any CPU = Debug|Any CPU
		Release|Any CPU = Release|Any CPU
	EndGlobalSection
	GlobalSection(ProjectConfigurationPlatforms) = postSolution
		{868F3174-E377-471E-9B24-90A1CA2F4C7B}.Debug|Any CPU.ActiveCfg = Debug|Any CPU
		{868F3174-E377-471E-9B24-90A1CA2F4C7B}.Debug|Any CPU.Build.0 = Debug|Any CPU
		{868F3174-E377-471E-9B24-90A1CA2F4C7B}.Release|Any CPU.ActiveCfg = Release|Any CPU
		{868F3174-E377-471E-9B24-90A1CA2F4C7B}.Release|Any CPU.Build.0 = Release|Any CPU
	EndGlobalSection
	GlobalSection(SolutionProperties) = preSolution
		HideSolutionNode = FALSE
	EndGlobalSection
	GlobalSection(ExtensibilityGlobals) = postSolution
		SolutionGuid = {7C8E33DC-33D0-449D-B575-F8656F3DE0EA}
	EndGlobalSection
EndGlobal
